
Microsoft Visual Studio Solution File, Format Version 12.00
# Visual Studio Version 16
VisualStudioVersion = 16.0.31129.286
MinimumVisualStudioVersion = 10.0.40219.1
Project("{FAE04EC0-301F-11D3-BF4B-00C04F79EFBC}") = "WebApplicationEducation", "WebApplicationEducation\WebApplicationEducation.csproj", "{6AFF5078-B4F8-48BF-938D-480B442140D0}"
EndProject
Global
	GlobalSection(SolutionConfigurationPlatforms) = preSolution
		Debug|Any CPU = Debug|Any CPU
		Release|Any CPU = Release|Any CPU
	EndGlobalSection
	GlobalSection(ProjectConfigurationPlatforms) = postSolution
		{6AFF5078-B4F8-48BF-938D-480B442140D0}.Debug|Any CPU.ActiveCfg = Debug|Any CPU
		{6AFF5078-B4F8-48BF-938D-480B442140D0}.Debug|Any CPU.Build.0 = Debug|Any CPU
		{6AFF5078-B4F8-48BF-938D-480B442140D0}.Release|Any CPU.ActiveCfg = Release|Any CPU
		{6AFF5078-B4F8-48BF-938D-480B442140D0}.Release|Any CPU.Build.0 = Release|Any CPU
	EndGlobalSection
	GlobalSection(SolutionProperties) = preSolution
		HideSolutionNode = FALSE
	EndGlobalSection
	GlobalSection(ExtensibilityGlobals) = postSolution
		SolutionGuid = {59A0C7E9-560A-416A-B459-D27355477EB4}
	EndGlobalSection
EndGlobal
